
Microsoft Visual Studio Solution File, Format Version 11.00
# Visual Basic Express 2010
Project("{F184B08F-C81C-45F6-A57F-5ABD9991F28F}") = "Newspaper Agency", "Newspaper Agency\Newspaper Agency.vbproj", "{C49F3AF5-11AD-4C9A-81C1-B4AAFF94F07A}"
EndProject
Global
	GlobalSection(SolutionConfigurationPlatforms) = preSolution
		Debug|x86 = Debug|x86
		Release|x86 = Release|x86
	EndGlobalSection
	GlobalSection(ProjectConfigurationPlatforms) = postSolution
		{C49F3AF5-11AD-4C9A-81C1-B4AAFF94F07A}.Debug|x86.ActiveCfg = Debug|x86
		{C49F3AF5-11AD-4C9A-81C1-B4AAFF94F07A}.Debug|x86.Build.0 = Debug|x86
		{C49F3AF5-11AD-4C9A-81C1-B4AAFF94F07A}.Release|x86.ActiveCfg = Release|x86
		{C49F3AF5-11AD-4C9A-81C1-B4AAFF94F07A}.Release|x86.Build.0 = Release|x86
	EndGlobalSection
	GlobalSection(SolutionProperties) = preSolution
		HideSolutionNode = FALSE
	EndGlobalSection
EndGlobal
